// !$*UTF8*$!
{
	archiveVersion = 1;
	classes = {
	};
	objectVersion = 50;
	objects = {

/* Begin PBXBuildFile section */
		AB59EB9C226DE99900E640B6 /* QuestionData.swift in Sources */ = {isa = PBXBuildFile; fileRef = AB59EB9B226DE99900E640B6 /* QuestionData.swift */; };
		ABD56EBF226794D900134F95 /* AppDelegate.swift in Sources */ = {isa = PBXBuildFile; fileRef = ABD56EBE226794D900134F95 /* AppDelegate.swift */; };
		ABD56EC1226794D900134F95 /* IntroductionViewController.swift in Sources */ = {isa = PBXBuildFile; fileRef = ABD56EC0226794D900134F95 /* IntroductionViewController.swift */; };
		ABD56EC4226794D900134F95 /* Main.storyboard in Resources */ = {isa = PBXBuildFile; fileRef = ABD56EC2226794D900134F95 /* Main.storyboard */; };
		ABD56EC6226794DA00134F95 /* Assets.xcassets in Resources */ = {isa = PBXBuildFile; fileRef = ABD56EC5226794DA00134F95 /* Assets.xcassets */; };
		ABD56EC9226794DA00134F95 /* LaunchScreen.storyboard in Resources */ = {isa = PBXBuildFile; fileRef = ABD56EC7226794DA00134F95 /* LaunchScreen.storyboard */; };
		ABD56ED4226794DA00134F95 /* PersonalityQuizTests.swift in Sources */ = {isa = PBXBuildFile; fileRef = ABD56ED3226794DA00134F95 /* PersonalityQuizTests.swift */; };
		ABD56EDF226794DA00134F95 /* PersonalityQuizUITests.swift in Sources */ = {isa = PBXBuildFile; fileRef = ABD56EDE226794DA00134F95 /* PersonalityQuizUITests.swift */; };
		ABE3C5ED2268FA5500B64C9A /* QuestionViewController.swift in Sources */ = {isa = PBXBuildFile; fileRef = ABE3C5EC2268FA5500B64C9A /* QuestionViewController.swift */; };
		ABE3C5EF2268FA7E00B64C9A /* ResultsViewController.swift in Sources */ = {isa = PBXBuildFile; fileRef = ABE3C5EE2268FA7E00B64C9A /* ResultsViewController.swift */; };
/* End PBXBuildFile section */

/* Begin PBXContainerItemProxy section */
		ABD56ED0226794DA00134F95 /* PBXContainerItemProxy */ = {
			isa = PBXContainerItemProxy;
			containerPortal = ABD56EB3226794D900134F95 /* Project object */;
			proxyType = 1;
			remoteGlobalIDString = ABD56EBA226794D900134F95;
			remoteInfo = PersonalityQuiz;
		};
		ABD56EDB226794DA00134F95 /* PBXContainerItemProxy */ = {
			isa = PBXContainerItemProxy;
			containerPortal = ABD56EB3226794D900134F95 /* Project object */;
			proxyType = 1;
			remoteGlobalIDString = ABD56EBA226794D900134F95;
			remoteInfo = PersonalityQuiz;
		};
/* End PBXContainerItemProxy section */

/* Begin PBXFileReference section */
		AB59EB9B226DE99900E640B6 /* QuestionData.swift */ = {isa = PBXFileReference; lastKnownFileType = sourcecode.swift; path = QuestionData.swift; sourceTree = "<group>"; };
		ABD56EBB226794D900134F95 /* PersonalityQuiz.app */ = {isa = PBXFileReference; explicitFileType = wrapper.application; includeInIndex = 0; path = PersonalityQuiz.app; sourceTree = BUILT_PRODUCTS_DIR; };
		ABD56EBE226794D900134F95 /* AppDelegate.swift */ = {isa = PBXFileReference; lastKnownFileType = sourcecode.swift; path = AppDelegate.swift; sourceTree = "<group>"; };
		ABD56EC0226794D900134F95 /* IntroductionViewController.swift */ = {isa = PBXFileReference; lastKnownFileType = sourcecode.swift; path = IntroductionViewController.swift; sourceTree = "<group>"; };
		ABD56EC3226794D900134F95 /* Base */ = {isa = PBXFileReference; lastKnownFileType = file.storyboard; name = Base; path = Base.lproj/Main.storyboard; sourceTree = "<group>"; };
		ABD56EC5226794DA00134F95 /* Assets.xcassets */ = {isa = PBXFileReference; lastKnownFileType = folder.assetcatalog; path = Assets.xcassets; sourceTree = "<group>"; };
		ABD56EC8226794DA00134F95 /* Base */ = {isa = PBXFileReference; lastKnownFileType = file.storyboard; name = Base; path = Base.lproj/LaunchScreen.storyboard; sourceTree = "<group>"; };
		ABD56ECA226794DA00134F95 /* Info.plist */ = {isa = PBXFileReference; lastKnownFileType = text.plist.xml; path = Info.plist; sourceTree = "<group>"; };
		ABD56ECF226794DA00134F95 /* PersonalityQuizTests.xctest */ = {isa = PBXFileReference; explicitFileType = wrapper.cfbundle; includeInIndex = 0; path = PersonalityQuizTests.xctest; sourceTree = BUILT_PRODUCTS_DIR; };
		ABD56ED3226794DA00134F95 /* PersonalityQuizTests.swift */ = {isa = PBXFileReference; lastKnownFileType = sourcecode.swift; path = PersonalityQuizTests.swift; sourceTree = "<group>"; };
		ABD56ED5226794DA00134F95 /* Info.plist */ = {isa = PBXFileReference; lastKnownFileType = text.plist.xml; path = Info.plist; sourceTree = "<group>"; };
		ABD56EDA226794DA00134F95 /* PersonalityQuizUITests.xctest */ = {isa = PBXFileReference; explicitFileType = wrapper.cfbundle; includeInIndex = 0; path = PersonalityQuizUITests.xctest; sourceTree = BUILT_PRODUCTS_DIR; };
		ABD56EDE226794DA00134F95 /* PersonalityQuizUITests.swift */ = {isa = PBXFileReference; lastKnownFileType = sourcecode.swift; path = PersonalityQuizUITests.swift; sourceTree = "<group>"; };
		ABD56EE0226794DA00134F95 /* Info.plist */ = {isa = PBXFileReference; lastKnownFileType = text.plist.xml; path = Info.plist; sourceTree = "<group>"; };
		ABE3C5EC2268FA5500B64C9A /* QuestionViewController.swift */ = {isa = PBXFileReference; lastKnownFileType = sourcecode.swift; path = QuestionViewController.swift; sourceTree = "<group>"; };
		ABE3C5EE2268FA7E00B64C9A /* ResultsViewController.swift */ = {isa = PBXFileReference; lastKnownFileType = sourcecode.swift; path = ResultsViewController.swift; sourceTree = "<group>"; };
/* End PBXFileReference section */

/* Begin PBXFrameworksBuildPhase section */
		ABD56EB8226794D900134F95 /* Frameworks */ = {
			isa = PBXFrameworksBuildPhase;
			buildActionMask = 2147483647;
			files = (
			);
			runOnlyForDeploymentPostprocessing = 0;
		};
		ABD56ECC226794DA00134F95 /* Frameworks */ = {
			isa = PBXFrameworksBuildPhase;
			buildActionMask = 2147483647;
			files = (
			);
			runOnlyForDeploymentPostprocessing = 0;
		};
		ABD56ED7226794DA00134F95 /* Frameworks */ = {
			isa = PBXFrameworksBuildPhase;
			buildActionMask = 2147483647;
			files = (
			);
			runOnlyForDeploymentPostprocessing = 0;
		};
/* End PBXFrameworksBuildPhase section */

/* Begin PBXGroup section */
		ABD56EB2226794D900134F95 = {
			isa = PBXGroup;
			children = (
				ABD56EBD226794D900134F95 /* PersonalityQuiz */,
				ABD56ED2226794DA00134F95 /* PersonalityQuizTests */,
				ABD56EDD226794DA00134F95 /* PersonalityQuizUITests */,
				ABD56EBC226794D900134F95 /* Products */,
			);
			sourceTree = "<group>";
		};
		ABD56EBC226794D900134F95 /* Products */ = {
			isa = PBXGroup;
			children = (
				ABD56EBB226794D900134F95 /* PersonalityQuiz.app */,
				ABD56ECF226794DA00134F95 /* PersonalityQuizTests.xctest */,
				ABD56EDA226794DA00134F95 /* PersonalityQuizUITests.xctest */,
			);
			name = Products;
			sourceTree = "<group>";
		};
		ABD56EBD226794D900134F95 /* PersonalityQuiz */ = {
			isa = PBXGroup;
			children = (
				ABD56EBE226794D900134F95 /* AppDelegate.swift */,
				ABD56EC2226794D900134F95 /* Main.storyboard */,
				AB59EB9B226DE99900E640B6 /* QuestionData.swift */,
				ABD56EC0226794D900134F95 /* IntroductionViewController.swift */,
				ABE3C5EC2268FA5500B64C9A /* QuestionViewController.swift */,
				ABE3C5EE2268FA7E00B64C9A /* ResultsViewController.swift */,
				ABD56EC5226794DA00134F95 /* Assets.xcassets */,
				ABD56EC7226794DA00134F95 /* LaunchScreen.storyboard */,
				ABD56ECA226794DA00134F95 /* Info.plist */,
			);
			path = PersonalityQuiz;
			sourceTree = "<group>";
		};
		ABD56ED2226794DA00134F95 /* PersonalityQuizTests */ = {
			isa = PBXGroup;
			children = (
				ABD56ED3226794DA00134F95 /* PersonalityQuizTests.swift */,
				ABD56ED5226794DA00134F95 /* Info.plist */,
			);
			path = PersonalityQuizTests;
			sourceTree = "<group>";
		};
		ABD56EDD226794DA00134F95 /* PersonalityQuizUITests */ = {
			isa = PBXGroup;
			children = (
				ABD56EDE226794DA00134F95 /* PersonalityQuizUITests.swift */,
				ABD56EE0226794DA00134F95 /* Info.plist */,
			);
			path = PersonalityQuizUITests;
			sourceTree = "<group>";
		};
/* End PBXGroup section */

/* Begin PBXNativeTarget section */
		ABD56EBA226794D900134F95 /* PersonalityQuiz */ = {
			isa = PBXNativeTarget;
			buildConfigurationList = ABD56EE3226794DA00134F95 /* Build configuration list for PBXNativeTarget "PersonalityQuiz" */;
			buildPhases = (
				ABD56EB7226794D900134F95 /* Sources */,
				ABD56EB8226794D900134F95 /* Frameworks */,
				ABD56EB9226794D900134F95 /* Resources */,
			);
			buildRules = (
			);
			dependencies = (
			);
			name = PersonalityQuiz;
			productName = PersonalityQuiz;
			productReference = ABD56EBB226794D900134F95 /* PersonalityQuiz.app */;
			productType = "com.apple.product-type.application";
		};
		ABD56ECE226794DA00134F95 /* PersonalityQuizTests */ = {
			isa = PBXNativeTarget;
			buildConfigurationList = ABD56EE6226794DA00134F95 /* Build configuration list for PBXNativeTarget "PersonalityQuizTests" */;
			buildPhases = (
				ABD56ECB226794DA00134F95 /* Sources */,
				ABD56ECC226794DA00134F95 /* Frameworks */,
				ABD56ECD226794DA00134F95 /* Resources */,
			);
			buildRules = (
			);
			dependencies = (
				ABD56ED1226794DA00134F95 /* PBXTargetDependency */,
			);
			name = PersonalityQuizTests;
			productName = PersonalityQuizTests;
			productReference = ABD56ECF226794DA00134F95 /* PersonalityQuizTests.xctest */;
			productType = "com.apple.product-type.bundle.unit-test";
		};
		ABD56ED9226794DA00134F95 /* PersonalityQuizUITests */ = {
			isa = PBXNativeTarget;
			buildConfigurationList = ABD56EE9226794DA00134F95 /* Build configuration list for PBXNativeTarget "PersonalityQuizUITests" */;
			buildPhases = (
				ABD56ED6226794DA00134F95 /* Sources */,
				ABD56ED7226794DA00134F95 /* Frameworks */,
				ABD56ED8226794DA00134F95 /* Resources */,
			);
			buildRules = (
			);
			dependencies = (
				ABD56EDC226794DA00134F95 /* PBXTargetDependency */,
			);
			name = PersonalityQuizUITests;
			productName = PersonalityQuizUITests;
			productReference = ABD56EDA226794DA00134F95 /* PersonalityQuizUITests.xctest */;
			productType = "com.apple.product-type.bundle.ui-testing";
		};
/* End PBXNativeTarget section */

/* Begin PBXProject section */
		ABD56EB3226794D900134F95 /* Project object */ = {
			isa = PBXProject;
			attributes = {
				LastSwiftUpdateCheck = 1010;
				LastUpgradeCheck = 1010;
				ORGANIZATIONNAME = Jonathan;
				TargetAttributes = {
					ABD56EBA226794D900134F95 = {
						CreatedOnToolsVersion = 10.1;
					};
					ABD56ECE226794DA00134F95 = {
						CreatedOnToolsVersion = 10.1;
						TestTargetID = ABD56EBA226794D900134F95;
					};
					ABD56ED9226794DA00134F95 = {
						CreatedOnToolsVersion = 10.1;
						TestTargetID = ABD56EBA226794D900134F95;
					};
				};
			};
			buildConfigurationList = ABD56EB6226794D900134F95 /* Build configuration list for PBXProject "PersonalityQuiz" */;
			compatibilityVersion = "Xcode 9.3";
			developmentRegion = en;
			hasScannedForEncodings = 0;
			knownRegions = (
				en,
				Base,
			);
			mainGroup = ABD56EB2226794D900134F95;
			productRefGroup = ABD56EBC226794D900134F95 /* Products */;
			projectDirPath = "";
			projectRoot = "";
			targets = (
				ABD56EBA226794D900134F95 /* PersonalityQuiz */,
				ABD56ECE226794DA00134F95 /* PersonalityQuizTests */,
				ABD56ED9226794DA00134F95 /* PersonalityQuizUITests */,
			);
		};
/* End PBXProject section */

/* Begin PBXResourcesBuildPhase section */
		ABD56EB9226794D900134F95 /* Resources */ = {
			isa = PBXResourcesBuildPhase;
			buildActionMask = 2147483647;
			files = (
				ABD56EC9226794DA00134F95 /* LaunchScreen.storyboard in Resources */,
				ABD56EC6226794DA00134F95 /* Assets.xcassets in Resources */,
				ABD56EC4226794D900134F95 /* Main.storyboard in Resources */,
			);
			runOnlyForDeploymentPostprocessing = 0;
		};
		ABD56ECD226794DA00134F95 /* Resources */ = {
			isa = PBXResourcesBuildPhase;
			buildActionMask = 2147483647;
			files = (
			);
			runOnlyForDeploymentPostprocessing = 0;
		};
		ABD56ED8226794DA00134F95 /* Resources */ = {
			isa = PBXResourcesBuildPhase;
			buildActionMask = 2147483647;
			files = (
			);
			runOnlyForDeploymentPostprocessing = 0;
		};
/* End PBXResourcesBuildPhase section */

/* Begin PBXSourcesBuildPhase section */
		ABD56EB7226794D900134F95 /* Sources */ = {
			isa = PBXSourcesBuildPhase;
			buildActionMask = 2147483647;
			files = (
				AB59EB9C226DE99900E640B6 /* QuestionData.swift in Sources */,
				ABD56EC1226794D900134F95 /* IntroductionViewController.swift in Sources */,
				ABD56EBF226794D900134F95 /* AppDelegate.swift in Sources */,
				ABE3C5ED2268FA5500B64C9A /* QuestionViewController.swift in Sources */,
				ABE3C5EF2268FA7E00B64C9A /* ResultsViewController.swift in Sources */,
			);
			runOnlyForDeploymentPostprocessing = 0;
		};
		ABD56ECB226794DA00134F95 /* Sources */ = {
			isa = PBXSourcesBuildPhase;
			buildActionMask = 2147483647;
			files = (
				ABD56ED4226794DA00134F95 /* PersonalityQuizTests.swift in Sources */,
			);
			runOnlyForDeploymentPostprocessing = 0;
		};
		ABD56ED6226794DA00134F95 /* Sources */ = {
			isa = PBXSourcesBuildPhase;
			buildActionMask = 2147483647;
			files = (
				ABD56EDF226794DA00134F95 /* PersonalityQuizUITests.swift in Sources */,
			);
			runOnlyForDeploymentPostprocessing = 0;
		};
/* End PBXSourcesBuildPhase section */

/* Begin PBXTargetDependency section */
		ABD56ED1226794DA00134F95 /* PBXTargetDependency */ = {
			isa = PBXTargetDependency;
			target = ABD56EBA226794D900134F95 /* PersonalityQuiz */;
			targetProxy = ABD56ED0226794DA00134F95 /* PBXContainerItemProxy */;
		};
		ABD56EDC226794DA00134F95 /* PBXTargetDependency */ = {
			isa = PBXTargetDependency;
			target = ABD56EBA226794D900134F95 /* PersonalityQuiz */;
			targetProxy = ABD56EDB226794DA00134F95 /* PBXContainerItemProxy */;
		};
/* End PBXTargetDependency section */

/* Begin PBXVariantGroup section */
		ABD56EC2226794D900134F95 /* Main.storyboard */ = {
			isa = PBXVariantGroup;
			children = (
				ABD56EC3226794D900134F95 /* Base */,
			);
			name = Main.storyboard;
			sourceTree = "<group>";
		};
		ABD56EC7226794DA00134F95 /* LaunchScreen.storyboard */ = {
			isa = PBXVariantGroup;
			children = (
				ABD56EC8226794DA00134F95 /* Base */,
			);
			name = LaunchScreen.storyboard;
			sourceTree = "<group>";
		};
/* End PBXVariantGroup section */

/* Begin XCBuildConfiguration section */
		ABD56EE1226794DA00134F95 /* Debug */ = {
			isa = XCBuildConfiguration;
			buildSettings = {
				ALWAYS_SEARCH_USER_PATHS = NO;
				CLANG_ANALYZER_NONNULL = YES;
				CLANG_ANALYZER_NUMBER_OBJECT_CONVERSION = YES_AGGRESSIVE;
				CLANG_CXX_LANGUAGE_STANDARD = "gnu++14";
				CLANG_CXX_LIBRARY = "libc++";
				CLANG_ENABLE_MODULES = YES;
				CLANG_ENABLE_OBJC_ARC = YES;
				CLANG_ENABLE_OBJC_WEAK = YES;
				CLANG_WARN_BLOCK_CAPTURE_AUTORELEASING = YES;
				CLANG_WARN_BOOL_CONVERSION = YES;
				CLANG_WARN_COMMA = YES;
				CLANG_WARN_CONSTANT_CONVERSION = YES;
				CLANG_WARN_DEPRECATED_OBJC_IMPLEMENTATIONS = YES;
				CLANG_WARN_DIRECT_OBJC_ISA_USAGE = YES_ERROR;
				CLANG_WARN_DOCUMENTATION_COMMENTS = YES;
				CLANG_WARN_EMPTY_BODY = YES;
				CLANG_WARN_ENUM_CONVERSION = YES;
				CLANG_WARN_INFINITE_RECURSION = YES;
				CLANG_WARN_INT_CONVERSION = YES;
				CLANG_WARN_NON_LITERAL_NULL_CONVERSION = YES;
				CLANG_WARN_OBJC_IMPLICIT_RETAIN_SELF = YES;
				CLANG_WARN_OBJC_LITERAL_CONVERSION = YES;
				CLANG_WARN_OBJC_ROOT_CLASS = YES_ERROR;
				CLANG_WARN_RANGE_LOOP_ANALYSIS = YES;
				CLANG_WARN_STRICT_PROTOTYPES = YES;
				CLANG_WARN_SUSPICIOUS_MOVE = YES;
				CLANG_WARN_UNGUARDED_AVAILABILITY = YES_AGGRESSIVE;
				CLANG_WARN_UNREACHABLE_CODE = YES;
				CLANG_WARN__DUPLICATE_METHOD_MATCH = YES;
				CODE_SIGN_IDENTITY = "iPhone Developer";
				COPY_PHASE_STRIP = NO;
				DEBUG_INFORMATION_FORMAT = dwarf;
				ENABLE_STRICT_OBJC_MSGSEND = YES;
				ENABLE_TESTABILITY = YES;
				GCC_C_LANGUAGE_STANDARD = gnu11;
				GCC_DYNAMIC_NO_PIC = NO;
				GCC_NO_COMMON_BLOCKS = YES;
				GCC_OPTIMIZATION_LEVEL = 0;
				GCC_PREPROCESSOR_DEFINITIONS = (
					"DEBUG=1",
					"$(inherited)",
				);
				GCC_WARN_64_TO_32_BIT_CONVERSION = YES;
				GCC_WARN_ABOUT_RETURN_TYPE = YES_ERROR;
				GCC_WARN_UNDECLARED_SELECTOR = YES;
				GCC_WARN_UNINITIALIZED_AUTOS = YES_AGGRESSIVE;
				GCC_WARN_UNUSED_FUNCTION = YES;
				GCC_WARN_UNUSED_VARIABLE = YES;
				IPHONEOS_DEPLOYMENT_TARGET = 12.1;
				MTL_ENABLE_DEBUG_INFO = INCLUDE_SOURCE;
				MTL_FAST_MATH = YES;
				ONLY_ACTIVE_ARCH = YES;
				SDKROOT = iphoneos;
				SWIFT_ACTIVE_COMPILATION_CONDITIONS = DEBUG;
				SWIFT_OPTIMIZATION_LEVEL = "-Onone";
			};
			name = Debug;
		};
		ABD56EE2226794DA00134F95 /* Release */ = {
			isa = XCBuildConfiguration;
			buildSettings = {
				ALWAYS_SEARCH_USER_PATHS = NO;
				CLANG_ANALYZER_NONNULL = YES;
				CLANG_ANALYZER_NUMBER_OBJECT_CONVERSION = YES_AGGRESSIVE;
				CLANG_CXX_LANGUAGE_STANDARD = "gnu++14";
				CLANG_CXX_LIBRARY = "libc++";
				CLANG_ENABLE_MODULES = YES;
				CLANG_ENABLE_OBJC_ARC = YES;
				CLANG_ENABLE_OBJC_WEAK = YES;
				CLANG_WARN_BLOCK_CAPTURE_AUTORELEASING = YES;
				CLANG_WARN_BOOL_CONVERSION = YES;
				CLANG_WARN_COMMA = YES;
				CLANG_WARN_CONSTANT_CONVERSION = YES;
				CLANG_WARN_DEPRECATED_OBJC_IMPLEMENTATIONS = YES;
				CLANG_WARN_DIRECT_OBJC_ISA_USAGE = YES_ERROR;
				CLANG_WARN_DOCUMENTATION_COMMENTS = YES;
				CLANG_WARN_EMPTY_BODY = YES;
				CLANG_WARN_ENUM_CONVERSION = YES;
				CLANG_WARN_INFINITE_RECURSION = YES;
				CLANG_WARN_INT_CONVERSION = YES;
				CLANG_WARN_NON_LITERAL_NULL_CONVERSION = YES;
				CLANG_WARN_OBJC_IMPLICIT_RETAIN_SELF = YES;
				CLANG_WARN_OBJC_LITERAL_CONVERSION = YES;
				CLANG_WARN_OBJC_ROOT_CLASS = YES_ERROR;
				CLANG_WARN_RANGE_LOOP_ANALYSIS = YES;
				CLANG_WARN_STRICT_PROTOTYPES = YES;
				CLANG_WARN_SUSPICIOUS_MOVE = YES;
				CLANG_WARN_UNGUARDED_AVAILABILITY = YES_AGGRESSIVE;
				CLANG_WARN_UNREACHABLE_CODE = YES;
				CLANG_WARN__DUPLICATE_METHOD_MATCH = YES;
				CODE_SIGN_IDENTITY = "iPhone Developer";
				COPY_PHASE_STRIP = NO;
				DEBUG_INFORMATION_FORMAT = "dwarf-with-dsym";
				ENABLE_NS_ASSERTIONS = NO;
				ENABLE_STRICT_OBJC_MSGSEND = YES;
				GCC_C_LANGUAGE_STANDARD = gnu11;
				GCC_NO_COMMON_BLOCKS = YES;
				GCC_WARN_64_TO_32_BIT_CONVERSION = YES;
				GCC_WARN_ABOUT_RETURN_TYPE = YES_ERROR;
				GCC_WARN_UNDECLARED_SELECTOR = YES;
				GCC_WARN_UNINITIALIZED_AUTOS = YES_AGGRESSIVE;
				GCC_WARN_UNUSED_FUNCTION = YES;
				GCC_WARN_UNUSED_VARIABLE = YES;
				IPHONEOS_DEPLOYMENT_TARGET = 12.1;
				MTL_ENABLE_DEBUG_INFO = NO;
				MTL_FAST_MATH = YES;
				SDKROOT = iphoneos;
				SWIFT_COMPILATION_MODE = wholemodule;
				SWIFT_OPTIMIZATION_LEVEL = "-O";
				VALIDATE_PRODUCT = YES;
			};
			name = Release;
		};
		ABD56EE4226794DA00134F95 /* Debug */ = {
			isa = XCBuildConfiguration;
			buildSettings = {
				ASSETCATALOG_COMPILER_APPICON_NAME = AppIcon;
				CODE_SIGN_STYLE = Automatic;
				INFOPLIST_FILE = PersonalityQuiz/Info.plist;
				LD_RUNPATH_SEARCH_PATHS = (
					"$(inherited)",
					"@executable_path/Frameworks",
				);
				PRODUCT_BUNDLE_IDENTIFIER = org.ssfs.PersonalityQuiz;
				PRODUCT_NAME = "$(TARGET_NAME)";
				SWIFT_VERSION = 4.2;
				TARGETED_DEVICE_FAMILY = "1,2";
			};
			name = Debug;
		};
		ABD56EE5226794DA00134F95 /* Release */ = {
			isa = XCBuildConfiguration;
			buildSettings = {
				ASSETCATALOG_COMPILER_APPICON_NAME = AppIcon;
				CODE_SIGN_STYLE = Automatic;
				INFOPLIST_FILE = PersonalityQuiz/Info.plist;
				LD_RUNPATH_SEARCH_PATHS = (
					"$(inherited)",
					"@executable_path/Frameworks",
				);
				PRODUCT_BUNDLE_IDENTIFIER = org.ssfs.PersonalityQuiz;
				PRODUCT_NAME = "$(TARGET_NAME)";
				SWIFT_VERSION = 4.2;
				TARGETED_DEVICE_FAMILY = "1,2";
			};
			name = Release;
		};
		ABD56EE7226794DA00134F95 /* Debug */ = {
			isa = XCBuildConfiguration;
			buildSettings = {
				ALWAYS_EMBED_SWIFT_STANDARD_LIBRARIES = YES;
				BUNDLE_LOADER = "$(TEST_HOST)";
				CODE_SIGN_STYLE = Automatic;
				INFOPLIST_FILE = PersonalityQuizTests/Info.plist;
				LD_RUNPATH_SEARCH_PATHS = (
					"$(inherited)",
					"@executable_path/Frameworks",
					"@loader_path/Frameworks",
				);
				PRODUCT_BUNDLE_IDENTIFIER = org.ssfs.PersonalityQuizTests;
				PRODUCT_NAME = "$(TARGET_NAME)";
				SWIFT_VERSION = 4.2;
				TARGETED_DEVICE_FAMILY = "1,2";
				TEST_HOST = "$(BUILT_PRODUCTS_DIR)/PersonalityQuiz.app/PersonalityQuiz";
			};
			name = Debug;
		};
		ABD56EE8226794DA00134F95 /* Release */ = {
			isa = XCBuildConfiguration;
			buildSettings = {
				ALWAYS_EMBED_SWIFT_STANDARD_LIBRARIES = YES;
				BUNDLE_LOADER = "$(TEST_HOST)";
				CODE_SIGN_STYLE = Automatic;
				INFOPLIST_FILE = PersonalityQuizTests/Info.plist;
				LD_RUNPATH_SEARCH_PATHS = (
					"$(inherited)",
					"@executable_path/Frameworks",
					"@loader_path/Frameworks",
				);
				PRODUCT_BUNDLE_IDENTIFIER = org.ssfs.PersonalityQuizTests;
				PRODUCT_NAME = "$(TARGET_NAME)";
				SWIFT_VERSION = 4.2;
				TARGETED_DEVICE_FAMILY = "1,2";
				TEST_HOST = "$(BUILT_PRODUCTS_DIR)/PersonalityQuiz.app/PersonalityQuiz";
			};
			name = Release;
		};
		ABD56EEA226794DA00134F95 /* Debug */ = {
			isa = XCBuildConfiguration;
			buildSettings = {
				ALWAYS_EMBED_SWIFT_STANDARD_LIBRARIES = YES;
				CODE_SIGN_STYLE = Automatic;
				INFOPLIST_FILE = PersonalityQuizUITests/Info.plist;
				LD_RUNPATH_SEARCH_PATHS = (
					"$(inherited)",
					"@executable_path/Frameworks",
					"@loader_path/Frameworks",
				);
				PRODUCT_BUNDLE_IDENTIFIER = org.ssfs.PersonalityQuizUITests;
				PRODUCT_NAME = "$(TARGET_NAME)";
				SWIFT_VERSION = 4.2;
				TARGETED_DEVICE_FAMILY = "1,2";
				TEST_TARGET_NAME = PersonalityQuiz;
			};
			name = Debug;
		};
		ABD56EEB226794DA00134F95 /* Release */ = {
			isa = XCBuildConfiguration;
			buildSettings = {
				ALWAYS_EMBED_SWIFT_STANDARD_LIBRARIES = YES;
				CODE_SIGN_STYLE = Automatic;
				INFOPLIST_FILE = PersonalityQuizUITests/Info.plist;
				LD_RUNPATH_SEARCH_PATHS = (
					"$(inherited)",
					"@executable_path/Frameworks",
					"@loader_path/Frameworks",
				);
				PRODUCT_BUNDLE_IDENTIFIER = org.ssfs.PersonalityQuizUITests;
				PRODUCT_NAME = "$(TARGET_NAME)";
				SWIFT_VERSION = 4.2;
				TARGETED_DEVICE_FAMILY = "1,2";
				TEST_TARGET_NAME = PersonalityQuiz;
			};
			name = Release;
		};
/* End XCBuildConfiguration section */

/* Begin XCConfigurationList section */
		ABD56EB6226794D900134F95 /* Build configuration list for PBXProject "PersonalityQuiz" */ = {
			isa = XCConfigurationList;
			buildConfigurations = (
				ABD56EE1226794DA00134F95 /* Debug */,
				ABD56EE2226794DA00134F95 /* Release */,
			);
			defaultConfigurationIsVisible = 0;
			defaultConfigurationName = Release;
		};
		ABD56EE3226794DA00134F95 /* Build configuration list for PBXNativeTarget "PersonalityQuiz" */ = {
			isa = XCConfigurationList;
			buildConfigurations = (
				ABD56EE4226794DA00134F95 /* Debug */,
				ABD56EE5226794DA00134F95 /* Release */,
			);
			defaultConfigurationIsVisible = 0;
			defaultConfigurationName = Release;
		};
		ABD56EE6226794DA00134F95 /* Build configuration list for PBXNativeTarget "PersonalityQuizTests" */ = {
			isa = XCConfigurationList;
			buildConfigurations = (
				ABD56EE7226794DA00134F95 /* Debug */,
				ABD56EE8226794DA00134F95 /* Release */,
			);
			defaultConfigurationIsVisible = 0;
			defaultConfigurationName = Release;
		};
		ABD56EE9226794DA00134F95 /* Build configuration list for PBXNativeTarget "PersonalityQuizUITests" */ = {
			isa = XCConfigurationList;
			buildConfigurations = (
				ABD56EEA226794DA00134F95 /* Debug */,
				ABD56EEB226794DA00134F95 /* Release */,
			);
			defaultConfigurationIsVisible = 0;
			defaultConfigurationName = Release;
		};
/* End XCConfigurationList section */
	};
	rootObject = ABD56EB3226794D900134F95 /* Project object */;
}
