// !$*UTF8*$!
{
	archiveVersion = 1;
	classes = {
	};
	objectVersion = 50;
	objects = {

/* Begin PBXBuildFile section */
		AB010E58225D23F500BB0D89 /* AppDelegate.swift in Sources */ = {isa = PBXBuildFile; fileRef = AB010E57225D23F500BB0D89 /* AppDelegate.swift */; };
		AB010E5A225D23F500BB0D89 /* ViewController.swift in Sources */ = {isa = PBXBuildFile; fileRef = AB010E59225D23F500BB0D89 /* ViewController.swift */; };
		AB010E5D225D23F500BB0D89 /* Main.storyboard in Resources */ = {isa = PBXBuildFile; fileRef = AB010E5B225D23F500BB0D89 /* Main.storyboard */; };
		AB010E5F225D23F600BB0D89 /* Assets.xcassets in Resources */ = {isa = PBXBuildFile; fileRef = AB010E5E225D23F600BB0D89 /* Assets.xcassets */; };
		AB010E62225D23F600BB0D89 /* LaunchScreen.storyboard in Resources */ = {isa = PBXBuildFile; fileRef = AB010E60225D23F600BB0D89 /* LaunchScreen.storyboard */; };
		AB010E6D225D23F600BB0D89 /* About_MeTests.swift in Sources */ = {isa = PBXBuildFile; fileRef = AB010E6C225D23F600BB0D89 /* About_MeTests.swift */; };
		AB010E78225D23F600BB0D89 /* About_MeUITests.swift in Sources */ = {isa = PBXBuildFile; fileRef = AB010E77225D23F600BB0D89 /* About_MeUITests.swift */; };
/* End PBXBuildFile section */

/* Begin PBXContainerItemProxy section */
		AB010E69225D23F600BB0D89 /* PBXContainerItemProxy */ = {
			isa = PBXContainerItemProxy;
			containerPortal = AB010E4C225D23F500BB0D89 /* Project object */;
			proxyType = 1;
			remoteGlobalIDString = AB010E53225D23F500BB0D89;
			remoteInfo = "About Me";
		};
		AB010E74225D23F600BB0D89 /* PBXContainerItemProxy */ = {
			isa = PBXContainerItemProxy;
			containerPortal = AB010E4C225D23F500BB0D89 /* Project object */;
			proxyType = 1;
			remoteGlobalIDString = AB010E53225D23F500BB0D89;
			remoteInfo = "About Me";
		};
/* End PBXContainerItemProxy section */

/* Begin PBXFileReference section */
		AB010E54225D23F500BB0D89 /* About Me.app */ = {isa = PBXFileReference; explicitFileType = wrapper.application; includeInIndex = 0; path = "About Me.app"; sourceTree = BUILT_PRODUCTS_DIR; };
		AB010E57225D23F500BB0D89 /* AppDelegate.swift */ = {isa = PBXFileReference; lastKnownFileType = sourcecode.swift; path = AppDelegate.swift; sourceTree = "<group>"; };
		AB010E59225D23F500BB0D89 /* ViewController.swift */ = {isa = PBXFileReference; lastKnownFileType = sourcecode.swift; path = ViewController.swift; sourceTree = "<group>"; };
		AB010E5C225D23F500BB0D89 /* Base */ = {isa = PBXFileReference; lastKnownFileType = file.storyboard; name = Base; path = Base.lproj/Main.storyboard; sourceTree = "<group>"; };
		AB010E5E225D23F600BB0D89 /* Assets.xcassets */ = {isa = PBXFileReference; lastKnownFileType = folder.assetcatalog; path = Assets.xcassets; sourceTree = "<group>"; };
		AB010E61225D23F600BB0D89 /* Base */ = {isa = PBXFileReference; lastKnownFileType = file.storyboard; name = Base; path = Base.lproj/LaunchScreen.storyboard; sourceTree = "<group>"; };
		AB010E63225D23F600BB0D89 /* Info.plist */ = {isa = PBXFileReference; lastKnownFileType = text.plist.xml; path = Info.plist; sourceTree = "<group>"; };
		AB010E68225D23F600BB0D89 /* About MeTests.xctest */ = {isa = PBXFileReference; explicitFileType = wrapper.cfbundle; includeInIndex = 0; path = "About MeTests.xctest"; sourceTree = BUILT_PRODUCTS_DIR; };
		AB010E6C225D23F600BB0D89 /* About_MeTests.swift */ = {isa = PBXFileReference; lastKnownFileType = sourcecode.swift; path = About_MeTests.swift; sourceTree = "<group>"; };
		AB010E6E225D23F600BB0D89 /* Info.plist */ = {isa = PBXFileReference; lastKnownFileType = text.plist.xml; path = Info.plist; sourceTree = "<group>"; };
		AB010E73225D23F600BB0D89 /* About MeUITests.xctest */ = {isa = PBXFileReference; explicitFileType = wrapper.cfbundle; includeInIndex = 0; path = "About MeUITests.xctest"; sourceTree = BUILT_PRODUCTS_DIR; };
		AB010E77225D23F600BB0D89 /* About_MeUITests.swift */ = {isa = PBXFileReference; lastKnownFileType = sourcecode.swift; path = About_MeUITests.swift; sourceTree = "<group>"; };
		AB010E79225D23F600BB0D89 /* Info.plist */ = {isa = PBXFileReference; lastKnownFileType = text.plist.xml; path = Info.plist; sourceTree = "<group>"; };
/* End PBXFileReference section */

/* Begin PBXFrameworksBuildPhase section */
		AB010E51225D23F500BB0D89 /* Frameworks */ = {
			isa = PBXFrameworksBuildPhase;
			buildActionMask = 2147483647;
			files = (
			);
			runOnlyForDeploymentPostprocessing = 0;
		};
		AB010E65225D23F600BB0D89 /* Frameworks */ = {
			isa = PBXFrameworksBuildPhase;
			buildActionMask = 2147483647;
			files = (
			);
			runOnlyForDeploymentPostprocessing = 0;
		};
		AB010E70225D23F600BB0D89 /* Frameworks */ = {
			isa = PBXFrameworksBuildPhase;
			buildActionMask = 2147483647;
			files = (
			);
			runOnlyForDeploymentPostprocessing = 0;
		};
/* End PBXFrameworksBuildPhase section */

/* Begin PBXGroup section */
		AB010E4B225D23F500BB0D89 = {
			isa = PBXGroup;
			children = (
				AB010E56225D23F500BB0D89 /* About Me */,
				AB010E6B225D23F600BB0D89 /* About MeTests */,
				AB010E76225D23F600BB0D89 /* About MeUITests */,
				AB010E55225D23F500BB0D89 /* Products */,
			);
			sourceTree = "<group>";
		};
		AB010E55225D23F500BB0D89 /* Products */ = {
			isa = PBXGroup;
			children = (
				AB010E54225D23F500BB0D89 /* About Me.app */,
				AB010E68225D23F600BB0D89 /* About MeTests.xctest */,
				AB010E73225D23F600BB0D89 /* About MeUITests.xctest */,
			);
			name = Products;
			sourceTree = "<group>";
		};
		AB010E56225D23F500BB0D89 /* About Me */ = {
			isa = PBXGroup;
			children = (
				AB010E57225D23F500BB0D89 /* AppDelegate.swift */,
				AB010E59225D23F500BB0D89 /* ViewController.swift */,
				AB010E5B225D23F500BB0D89 /* Main.storyboard */,
				AB010E5E225D23F600BB0D89 /* Assets.xcassets */,
				AB010E60225D23F600BB0D89 /* LaunchScreen.storyboard */,
				AB010E63225D23F600BB0D89 /* Info.plist */,
			);
			path = "About Me";
			sourceTree = "<group>";
		};
		AB010E6B225D23F600BB0D89 /* About MeTests */ = {
			isa = PBXGroup;
			children = (
				AB010E6C225D23F600BB0D89 /* About_MeTests.swift */,
				AB010E6E225D23F600BB0D89 /* Info.plist */,
			);
			path = "About MeTests";
			sourceTree = "<group>";
		};
		AB010E76225D23F600BB0D89 /* About MeUITests */ = {
			isa = PBXGroup;
			children = (
				AB010E77225D23F600BB0D89 /* About_MeUITests.swift */,
				AB010E79225D23F600BB0D89 /* Info.plist */,
			);
			path = "About MeUITests";
			sourceTree = "<group>";
		};
/* End PBXGroup section */

/* Begin PBXNativeTarget section */
		AB010E53225D23F500BB0D89 /* About Me */ = {
			isa = PBXNativeTarget;
			buildConfigurationList = AB010E7C225D23F600BB0D89 /* Build configuration list for PBXNativeTarget "About Me" */;
			buildPhases = (
				AB010E50225D23F500BB0D89 /* Sources */,
				AB010E51225D23F500BB0D89 /* Frameworks */,
				AB010E52225D23F500BB0D89 /* Resources */,
			);
			buildRules = (
			);
			dependencies = (
			);
			name = "About Me";
			productName = "About Me";
			productReference = AB010E54225D23F500BB0D89 /* About Me.app */;
			productType = "com.apple.product-type.application";
		};
		AB010E67225D23F600BB0D89 /* About MeTests */ = {
			isa = PBXNativeTarget;
			buildConfigurationList = AB010E7F225D23F600BB0D89 /* Build configuration list for PBXNativeTarget "About MeTests" */;
			buildPhases = (
				AB010E64225D23F600BB0D89 /* Sources */,
				AB010E65225D23F600BB0D89 /* Frameworks */,
				AB010E66225D23F600BB0D89 /* Resources */,
			);
			buildRules = (
			);
			dependencies = (
				AB010E6A225D23F600BB0D89 /* PBXTargetDependency */,
			);
			name = "About MeTests";
			productName = "About MeTests";
			productReference = AB010E68225D23F600BB0D89 /* About MeTests.xctest */;
			productType = "com.apple.product-type.bundle.unit-test";
		};
		AB010E72225D23F600BB0D89 /* About MeUITests */ = {
			isa = PBXNativeTarget;
			buildConfigurationList = AB010E82225D23F600BB0D89 /* Build configuration list for PBXNativeTarget "About MeUITests" */;
			buildPhases = (
				AB010E6F225D23F600BB0D89 /* Sources */,
				AB010E70225D23F600BB0D89 /* Frameworks */,
				AB010E71225D23F600BB0D89 /* Resources */,
			);
			buildRules = (
			);
			dependencies = (
				AB010E75225D23F600BB0D89 /* PBXTargetDependency */,
			);
			name = "About MeUITests";
			productName = "About MeUITests";
			productReference = AB010E73225D23F600BB0D89 /* About MeUITests.xctest */;
			productType = "com.apple.product-type.bundle.ui-testing";
		};
/* End PBXNativeTarget section */

/* Begin PBXProject section */
		AB010E4C225D23F500BB0D89 /* Project object */ = {
			isa = PBXProject;
			attributes = {
				LastSwiftUpdateCheck = 1010;
				LastUpgradeCheck = 1010;
				ORGANIZATIONNAME = Jonathan;
				TargetAttributes = {
					AB010E53225D23F500BB0D89 = {
						CreatedOnToolsVersion = 10.1;
					};
					AB010E67225D23F600BB0D89 = {
						CreatedOnToolsVersion = 10.1;
						TestTargetID = AB010E53225D23F500BB0D89;
					};
					AB010E72225D23F600BB0D89 = {
						CreatedOnToolsVersion = 10.1;
						TestTargetID = AB010E53225D23F500BB0D89;
					};
				};
			};
			buildConfigurationList = AB010E4F225D23F500BB0D89 /* Build configuration list for PBXProject "About Me" */;
			compatibilityVersion = "Xcode 9.3";
			developmentRegion = en;
			hasScannedForEncodings = 0;
			knownRegions = (
				en,
				Base,
			);
			mainGroup = AB010E4B225D23F500BB0D89;
			productRefGroup = AB010E55225D23F500BB0D89 /* Products */;
			projectDirPath = "";
			projectRoot = "";
			targets = (
				AB010E53225D23F500BB0D89 /* About Me */,
				AB010E67225D23F600BB0D89 /* About MeTests */,
				AB010E72225D23F600BB0D89 /* About MeUITests */,
			);
		};
/* End PBXProject section */

/* Begin PBXResourcesBuildPhase section */
		AB010E52225D23F500BB0D89 /* Resources */ = {
			isa = PBXResourcesBuildPhase;
			buildActionMask = 2147483647;
			files = (
				AB010E62225D23F600BB0D89 /* LaunchScreen.storyboard in Resources */,
				AB010E5F225D23F600BB0D89 /* Assets.xcassets in Resources */,
				AB010E5D225D23F500BB0D89 /* Main.storyboard in Resources */,
			);
			runOnlyForDeploymentPostprocessing = 0;
		};
		AB010E66225D23F600BB0D89 /* Resources */ = {
			isa = PBXResourcesBuildPhase;
			buildActionMask = 2147483647;
			files = (
			);
			runOnlyForDeploymentPostprocessing = 0;
		};
		AB010E71225D23F600BB0D89 /* Resources */ = {
			isa = PBXResourcesBuildPhase;
			buildActionMask = 2147483647;
			files = (
			);
			runOnlyForDeploymentPostprocessing = 0;
		};
/* End PBXResourcesBuildPhase section */

/* Begin PBXSourcesBuildPhase section */
		AB010E50225D23F500BB0D89 /* Sources */ = {
			isa = PBXSourcesBuildPhase;
			buildActionMask = 2147483647;
			files = (
				AB010E5A225D23F500BB0D89 /* ViewController.swift in Sources */,
				AB010E58225D23F500BB0D89 /* AppDelegate.swift in Sources */,
			);
			runOnlyForDeploymentPostprocessing = 0;
		};
		AB010E64225D23F600BB0D89 /* Sources */ = {
			isa = PBXSourcesBuildPhase;
			buildActionMask = 2147483647;
			files = (
				AB010E6D225D23F600BB0D89 /* About_MeTests.swift in Sources */,
			);
			runOnlyForDeploymentPostprocessing = 0;
		};
		AB010E6F225D23F600BB0D89 /* Sources */ = {
			isa = PBXSourcesBuildPhase;
			buildActionMask = 2147483647;
			files = (
				AB010E78225D23F600BB0D89 /* About_MeUITests.swift in Sources */,
			);
			runOnlyForDeploymentPostprocessing = 0;
		};
/* End PBXSourcesBuildPhase section */

/* Begin PBXTargetDependency section */
		AB010E6A225D23F600BB0D89 /* PBXTargetDependency */ = {
			isa = PBXTargetDependency;
			target = AB010E53225D23F500BB0D89 /* About Me */;
			targetProxy = AB010E69225D23F600BB0D89 /* PBXContainerItemProxy */;
		};
		AB010E75225D23F600BB0D89 /* PBXTargetDependency */ = {
			isa = PBXTargetDependency;
			target = AB010E53225D23F500BB0D89 /* About Me */;
			targetProxy = AB010E74225D23F600BB0D89 /* PBXContainerItemProxy */;
		};
/* End PBXTargetDependency section */

/* Begin PBXVariantGroup section */
		AB010E5B225D23F500BB0D89 /* Main.storyboard */ = {
			isa = PBXVariantGroup;
			children = (
				AB010E5C225D23F500BB0D89 /* Base */,
			);
			name = Main.storyboard;
			sourceTree = "<group>";
		};
		AB010E60225D23F600BB0D89 /* LaunchScreen.storyboard */ = {
			isa = PBXVariantGroup;
			children = (
				AB010E61225D23F600BB0D89 /* Base */,
			);
			name = LaunchScreen.storyboard;
			sourceTree = "<group>";
		};
/* End PBXVariantGroup section */

/* Begin XCBuildConfiguration section */
		AB010E7A225D23F600BB0D89 /* Debug */ = {
			isa = XCBuildConfiguration;
			buildSettings = {
				ALWAYS_SEARCH_USER_PATHS = NO;
				CLANG_ANALYZER_NONNULL = YES;
				CLANG_ANALYZER_NUMBER_OBJECT_CONVERSION = YES_AGGRESSIVE;
				CLANG_CXX_LANGUAGE_STANDARD = "gnu++14";
				CLANG_CXX_LIBRARY = "libc++";
				CLANG_ENABLE_MODULES = YES;
				CLANG_ENABLE_OBJC_ARC = YES;
				CLANG_ENABLE_OBJC_WEAK = YES;
				CLANG_WARN_BLOCK_CAPTURE_AUTORELEASING = YES;
				CLANG_WARN_BOOL_CONVERSION = YES;
				CLANG_WARN_COMMA = YES;
				CLANG_WARN_CONSTANT_CONVERSION = YES;
				CLANG_WARN_DEPRECATED_OBJC_IMPLEMENTATIONS = YES;
				CLANG_WARN_DIRECT_OBJC_ISA_USAGE = YES_ERROR;
				CLANG_WARN_DOCUMENTATION_COMMENTS = YES;
				CLANG_WARN_EMPTY_BODY = YES;
				CLANG_WARN_ENUM_CONVERSION = YES;
				CLANG_WARN_INFINITE_RECURSION = YES;
				CLANG_WARN_INT_CONVERSION = YES;
				CLANG_WARN_NON_LITERAL_NULL_CONVERSION = YES;
				CLANG_WARN_OBJC_IMPLICIT_RETAIN_SELF = YES;
				CLANG_WARN_OBJC_LITERAL_CONVERSION = YES;
				CLANG_WARN_OBJC_ROOT_CLASS = YES_ERROR;
				CLANG_WARN_RANGE_LOOP_ANALYSIS = YES;
				CLANG_WARN_STRICT_PROTOTYPES = YES;
				CLANG_WARN_SUSPICIOUS_MOVE = YES;
				CLANG_WARN_UNGUARDED_AVAILABILITY = YES_AGGRESSIVE;
				CLANG_WARN_UNREACHABLE_CODE = YES;
				CLANG_WARN__DUPLICATE_METHOD_MATCH = YES;
				CODE_SIGN_IDENTITY = "iPhone Developer";
				COPY_PHASE_STRIP = NO;
				DEBUG_INFORMATION_FORMAT = dwarf;
				ENABLE_STRICT_OBJC_MSGSEND = YES;
				ENABLE_TESTABILITY = YES;
				GCC_C_LANGUAGE_STANDARD = gnu11;
				GCC_DYNAMIC_NO_PIC = NO;
				GCC_NO_COMMON_BLOCKS = YES;
				GCC_OPTIMIZATION_LEVEL = 0;
				GCC_PREPROCESSOR_DEFINITIONS = (
					"DEBUG=1",
					"$(inherited)",
				);
				GCC_WARN_64_TO_32_BIT_CONVERSION = YES;
				GCC_WARN_ABOUT_RETURN_TYPE = YES_ERROR;
				GCC_WARN_UNDECLARED_SELECTOR = YES;
				GCC_WARN_UNINITIALIZED_AUTOS = YES_AGGRESSIVE;
				GCC_WARN_UNUSED_FUNCTION = YES;
				GCC_WARN_UNUSED_VARIABLE = YES;
				IPHONEOS_DEPLOYMENT_TARGET = 12.1;
				MTL_ENABLE_DEBUG_INFO = INCLUDE_SOURCE;
				MTL_FAST_MATH = YES;
				ONLY_ACTIVE_ARCH = YES;
				SDKROOT = iphoneos;
				SWIFT_ACTIVE_COMPILATION_CONDITIONS = DEBUG;
				SWIFT_OPTIMIZATION_LEVEL = "-Onone";
			};
			name = Debug;
		};
		AB010E7B225D23F600BB0D89 /* Release */ = {
			isa = XCBuildConfiguration;
			buildSettings = {
				ALWAYS_SEARCH_USER_PATHS = NO;
				CLANG_ANALYZER_NONNULL = YES;
				CLANG_ANALYZER_NUMBER_OBJECT_CONVERSION = YES_AGGRESSIVE;
				CLANG_CXX_LANGUAGE_STANDARD = "gnu++14";
				CLANG_CXX_LIBRARY = "libc++";
				CLANG_ENABLE_MODULES = YES;
				CLANG_ENABLE_OBJC_ARC = YES;
				CLANG_ENABLE_OBJC_WEAK = YES;
				CLANG_WARN_BLOCK_CAPTURE_AUTORELEASING = YES;
				CLANG_WARN_BOOL_CONVERSION = YES;
				CLANG_WARN_COMMA = YES;
				CLANG_WARN_CONSTANT_CONVERSION = YES;
				CLANG_WARN_DEPRECATED_OBJC_IMPLEMENTATIONS = YES;
				CLANG_WARN_DIRECT_OBJC_ISA_USAGE = YES_ERROR;
				CLANG_WARN_DOCUMENTATION_COMMENTS = YES;
				CLANG_WARN_EMPTY_BODY = YES;
				CLANG_WARN_ENUM_CONVERSION = YES;
				CLANG_WARN_INFINITE_RECURSION = YES;
				CLANG_WARN_INT_CONVERSION = YES;
				CLANG_WARN_NON_LITERAL_NULL_CONVERSION = YES;
				CLANG_WARN_OBJC_IMPLICIT_RETAIN_SELF = YES;
				CLANG_WARN_OBJC_LITERAL_CONVERSION = YES;
				CLANG_WARN_OBJC_ROOT_CLASS = YES_ERROR;
				CLANG_WARN_RANGE_LOOP_ANALYSIS = YES;
				CLANG_WARN_STRICT_PROTOTYPES = YES;
				CLANG_WARN_SUSPICIOUS_MOVE = YES;
				CLANG_WARN_UNGUARDED_AVAILABILITY = YES_AGGRESSIVE;
				CLANG_WARN_UNREACHABLE_CODE = YES;
				CLANG_WARN__DUPLICATE_METHOD_MATCH = YES;
				CODE_SIGN_IDENTITY = "iPhone Developer";
				COPY_PHASE_STRIP = NO;
				DEBUG_INFORMATION_FORMAT = "dwarf-with-dsym";
				ENABLE_NS_ASSERTIONS = NO;
				ENABLE_STRICT_OBJC_MSGSEND = YES;
				GCC_C_LANGUAGE_STANDARD = gnu11;
				GCC_NO_COMMON_BLOCKS = YES;
				GCC_WARN_64_TO_32_BIT_CONVERSION = YES;
				GCC_WARN_ABOUT_RETURN_TYPE = YES_ERROR;
				GCC_WARN_UNDECLARED_SELECTOR = YES;
				GCC_WARN_UNINITIALIZED_AUTOS = YES_AGGRESSIVE;
				GCC_WARN_UNUSED_FUNCTION = YES;
				GCC_WARN_UNUSED_VARIABLE = YES;
				IPHONEOS_DEPLOYMENT_TARGET = 12.1;
				MTL_ENABLE_DEBUG_INFO = NO;
				MTL_FAST_MATH = YES;
				SDKROOT = iphoneos;
				SWIFT_COMPILATION_MODE = wholemodule;
				SWIFT_OPTIMIZATION_LEVEL = "-O";
				VALIDATE_PRODUCT = YES;
			};
			name = Release;
		};
		AB010E7D225D23F600BB0D89 /* Debug */ = {
			isa = XCBuildConfiguration;
			buildSettings = {
				ASSETCATALOG_COMPILER_APPICON_NAME = AppIcon;
				CODE_SIGN_STYLE = Automatic;
				INFOPLIST_FILE = "About Me/Info.plist";
				LD_RUNPATH_SEARCH_PATHS = (
					"$(inherited)",
					"@executable_path/Frameworks",
				);
				PRODUCT_BUNDLE_IDENTIFIER = "org.ssfs.About-Me";
				PRODUCT_NAME = "$(TARGET_NAME)";
				SWIFT_VERSION = 4.2;
				TARGETED_DEVICE_FAMILY = "1,2";
			};
			name = Debug;
		};
		AB010E7E225D23F600BB0D89 /* Release */ = {
			isa = XCBuildConfiguration;
			buildSettings = {
				ASSETCATALOG_COMPILER_APPICON_NAME = AppIcon;
				CODE_SIGN_STYLE = Automatic;
				INFOPLIST_FILE = "About Me/Info.plist";
				LD_RUNPATH_SEARCH_PATHS = (
					"$(inherited)",
					"@executable_path/Frameworks",
				);
				PRODUCT_BUNDLE_IDENTIFIER = "org.ssfs.About-Me";
				PRODUCT_NAME = "$(TARGET_NAME)";
				SWIFT_VERSION = 4.2;
				TARGETED_DEVICE_FAMILY = "1,2";
			};
			name = Release;
		};
		AB010E80225D23F600BB0D89 /* Debug */ = {
			isa = XCBuildConfiguration;
			buildSettings = {
				ALWAYS_EMBED_SWIFT_STANDARD_LIBRARIES = YES;
				BUNDLE_LOADER = "$(TEST_HOST)";
				CODE_SIGN_STYLE = Automatic;
				INFOPLIST_FILE = "About MeTests/Info.plist";
				LD_RUNPATH_SEARCH_PATHS = (
					"$(inherited)",
					"@executable_path/Frameworks",
					"@loader_path/Frameworks",
				);
				PRODUCT_BUNDLE_IDENTIFIER = "org.ssfs.About-MeTests";
				PRODUCT_NAME = "$(TARGET_NAME)";
				SWIFT_VERSION = 4.2;
				TARGETED_DEVICE_FAMILY = "1,2";
				TEST_HOST = "$(BUILT_PRODUCTS_DIR)/About Me.app/About Me";
			};
			name = Debug;
		};
		AB010E81225D23F600BB0D89 /* Release */ = {
			isa = XCBuildConfiguration;
			buildSettings = {
				ALWAYS_EMBED_SWIFT_STANDARD_LIBRARIES = YES;
				BUNDLE_LOADER = "$(TEST_HOST)";
				CODE_SIGN_STYLE = Automatic;
				INFOPLIST_FILE = "About MeTests/Info.plist";
				LD_RUNPATH_SEARCH_PATHS = (
					"$(inherited)",
					"@executable_path/Frameworks",
					"@loader_path/Frameworks",
				);
				PRODUCT_BUNDLE_IDENTIFIER = "org.ssfs.About-MeTests";
				PRODUCT_NAME = "$(TARGET_NAME)";
				SWIFT_VERSION = 4.2;
				TARGETED_DEVICE_FAMILY = "1,2";
				TEST_HOST = "$(BUILT_PRODUCTS_DIR)/About Me.app/About Me";
			};
			name = Release;
		};
		AB010E83225D23F600BB0D89 /* Debug */ = {
			isa = XCBuildConfiguration;
			buildSettings = {
				ALWAYS_EMBED_SWIFT_STANDARD_LIBRARIES = YES;
				CODE_SIGN_STYLE = Automatic;
				INFOPLIST_FILE = "About MeUITests/Info.plist";
				LD_RUNPATH_SEARCH_PATHS = (
					"$(inherited)",
					"@executable_path/Frameworks",
					"@loader_path/Frameworks",
				);
				PRODUCT_BUNDLE_IDENTIFIER = "org.ssfs.About-MeUITests";
				PRODUCT_NAME = "$(TARGET_NAME)";
				SWIFT_VERSION = 4.2;
				TARGETED_DEVICE_FAMILY = "1,2";
				TEST_TARGET_NAME = "About Me";
			};
			name = Debug;
		};
		AB010E84225D23F600BB0D89 /* Release */ = {
			isa = XCBuildConfiguration;
			buildSettings = {
				ALWAYS_EMBED_SWIFT_STANDARD_LIBRARIES = YES;
				CODE_SIGN_STYLE = Automatic;
				INFOPLIST_FILE = "About MeUITests/Info.plist";
				LD_RUNPATH_SEARCH_PATHS = (
					"$(inherited)",
					"@executable_path/Frameworks",
					"@loader_path/Frameworks",
				);
				PRODUCT_BUNDLE_IDENTIFIER = "org.ssfs.About-MeUITests";
				PRODUCT_NAME = "$(TARGET_NAME)";
				SWIFT_VERSION = 4.2;
				TARGETED_DEVICE_FAMILY = "1,2";
				TEST_TARGET_NAME = "About Me";
			};
			name = Release;
		};
/* End XCBuildConfiguration section */

/* Begin XCConfigurationList section */
		AB010E4F225D23F500BB0D89 /* Build configuration list for PBXProject "About Me" */ = {
			isa = XCConfigurationList;
			buildConfigurations = (
				AB010E7A225D23F600BB0D89 /* Debug */,
				AB010E7B225D23F600BB0D89 /* Release */,
			);
			defaultConfigurationIsVisible = 0;
			defaultConfigurationName = Release;
		};
		AB010E7C225D23F600BB0D89 /* Build configuration list for PBXNativeTarget "About Me" */ = {
			isa = XCConfigurationList;
			buildConfigurations = (
				AB010E7D225D23F600BB0D89 /* Debug */,
				AB010E7E225D23F600BB0D89 /* Release */,
			);
			defaultConfigurationIsVisible = 0;
			defaultConfigurationName = Release;
		};
		AB010E7F225D23F600BB0D89 /* Build configuration list for PBXNativeTarget "About MeTests" */ = {
			isa = XCConfigurationList;
			buildConfigurations = (
				AB010E80225D23F600BB0D89 /* Debug */,
				AB010E81225D23F600BB0D89 /* Release */,
			);
			defaultConfigurationIsVisible = 0;
			defaultConfigurationName = Release;
		};
		AB010E82225D23F600BB0D89 /* Build configuration list for PBXNativeTarget "About MeUITests" */ = {
			isa = XCConfigurationList;
			buildConfigurations = (
				AB010E83225D23F600BB0D89 /* Debug */,
				AB010E84225D23F600BB0D89 /* Release */,
			);
			defaultConfigurationIsVisible = 0;
			defaultConfigurationName = Release;
		};
/* End XCConfigurationList section */
	};
	rootObject = AB010E4C225D23F500BB0D89 /* Project object */;
}
